
Microsoft Visual Studio Solution File, Format Version 12.00
# Visual Studio Version 17
VisualStudioVersion = 17.10.35027.167
MinimumVisualStudioVersion = 10.0.40219.1
Project("{9A19103F-16F7-4668-BE54-9A1E7A4F7556}") = "LotteryBackend.WebAPI", "LotteryBackend.WebAPI.csproj", "{C078646B-B14A-4BC6-9CBA-FDCCF926CE96}"
EndProject
Project("{FAE04EC0-301F-11D3-BF4B-00C04F79EFBC}") = "LotteryBackend.Business", "..\LotteryBackend.Business\LotteryBackend.Business.csproj", "{C9A912BF-CE4D-4E2C-BF7C-32F152C207C9}"
EndProject
Project("{FAE04EC0-301F-11D3-BF4B-00C04F79EFBC}") = "LotteryBackend.DAL", "..\LotteryBackend.DAL\LotteryBackend.DAL.csproj", "{F587B6C7-3018-4EF8-BBB6-BF9D9C471CA6}"
EndProject
Global
	GlobalSection(SolutionConfigurationPlatforms) = preSolution
		Debug|Any CPU = Debug|Any CPU
		Release|Any CPU = Release|Any CPU
	EndGlobalSection
	GlobalSection(ProjectConfigurationPlatforms) = postSolution
		{C078646B-B14A-4BC6-9CBA-FDCCF926CE96}.Debug|Any CPU.ActiveCfg = Debug|Any CPU
		{C078646B-B14A-4BC6-9CBA-FDCCF926CE96}.Debug|Any CPU.Build.0 = Debug|Any CPU
		{C078646B-B14A-4BC6-9CBA-FDCCF926CE96}.Release|Any CPU.ActiveCfg = Release|Any CPU
		{C078646B-B14A-4BC6-9CBA-FDCCF926CE96}.Release|Any CPU.Build.0 = Release|Any CPU
		{C9A912BF-CE4D-4E2C-BF7C-32F152C207C9}.Debug|Any CPU.ActiveCfg = Debug|Any CPU
		{C9A912BF-CE4D-4E2C-BF7C-32F152C207C9}.Debug|Any CPU.Build.0 = Debug|Any CPU
		{C9A912BF-CE4D-4E2C-BF7C-32F152C207C9}.Release|Any CPU.ActiveCfg = Release|Any CPU
		{C9A912BF-CE4D-4E2C-BF7C-32F152C207C9}.Release|Any CPU.Build.0 = Release|Any CPU
		{F587B6C7-3018-4EF8-BBB6-BF9D9C471CA6}.Debug|Any CPU.ActiveCfg = Debug|Any CPU
		{F587B6C7-3018-4EF8-BBB6-BF9D9C471CA6}.Debug|Any CPU.Build.0 = Debug|Any CPU
		{F587B6C7-3018-4EF8-BBB6-BF9D9C471CA6}.Release|Any CPU.ActiveCfg = Release|Any CPU
		{F587B6C7-3018-4EF8-BBB6-BF9D9C471CA6}.Release|Any CPU.Build.0 = Release|Any CPU
	EndGlobalSection
	GlobalSection(SolutionProperties) = preSolution
		HideSolutionNode = FALSE
	EndGlobalSection
	GlobalSection(ExtensibilityGlobals) = postSolution
		SolutionGuid = {CB770408-D2F0-4A2F-B15B-331AD94111B1}
	EndGlobalSection
EndGlobal
